
Microsoft Visual Studio Solution File, Format Version 12.00
# Visual Studio Version 16
VisualStudioVersion = 16.0.31624.102
MinimumVisualStudioVersion = 10.0.40219.1
Project("{FAE04EC0-301F-11D3-BF4B-00C04F79EFBC}") = "ConsoleAppMonitorLock", "ConsoleAppMonitorLock.csproj", "{6A470FD2-D554-4DE2-914D-C91CFF9F82D3}"
EndProject
Global
	GlobalSection(SolutionConfigurationPlatforms) = preSolution
		Debug|Any CPU = Debug|Any CPU
		Release|Any CPU = Release|Any CPU
	EndGlobalSection
	GlobalSection(ProjectConfigurationPlatforms) = postSolution
		{6A470FD2-D554-4DE2-914D-C91CFF9F82D3}.Debug|Any CPU.ActiveCfg = Debug|Any CPU
		{6A470FD2-D554-4DE2-914D-C91CFF9F82D3}.Debug|Any CPU.Build.0 = Debug|Any CPU
		{6A470FD2-D554-4DE2-914D-C91CFF9F82D3}.Release|Any CPU.ActiveCfg = Release|Any CPU
		{6A470FD2-D554-4DE2-914D-C91CFF9F82D3}.Release|Any CPU.Build.0 = Release|Any CPU
	EndGlobalSection
	GlobalSection(SolutionProperties) = preSolution
		HideSolutionNode = FALSE
	EndGlobalSection
	GlobalSection(ExtensibilityGlobals) = postSolution
		SolutionGuid = {BDFEAF6E-C542-4CE1-B3C2-EFA278B36F63}
	EndGlobalSection
EndGlobal
